
Microsoft Visual Studio Solution File, Format Version 12.00
# Visual Studio Version 17
VisualStudioVersion = 17.13.35825.156
MinimumVisualStudioVersion = 10.0.40219.1
Project("{FAE04EC0-301F-11D3-BF4B-00C04F79EFBC}") = "TestTcpServer", "TestTcpServer\TestTcpServer.csproj", "{00929775-CC2C-40E9-BB95-40A1F2AEB484}"
EndProject
Project("{2150E333-8FDC-42A3-9474-1A3956D46DE8}") = "解决方案项", "解决方案项", "{9FA3D6BD-1EC1-3BA5-80CB-CE02773A58D5}"
EndProject
Global
	GlobalSection(SolutionConfigurationPlatforms) = preSolution
		Debug|Any CPU = Debug|Any CPU
		Release|Any CPU = Release|Any CPU
	EndGlobalSection
	GlobalSection(ProjectConfigurationPlatforms) = postSolution
		{00929775-CC2C-40E9-BB95-40A1F2AEB484}.Debug|Any CPU.ActiveCfg = Debug|Any CPU
		{00929775-CC2C-40E9-BB95-40A1F2AEB484}.Debug|Any CPU.Build.0 = Debug|Any CPU
		{00929775-CC2C-40E9-BB95-40A1F2AEB484}.Release|Any CPU.ActiveCfg = Release|Any CPU
		{00929775-CC2C-40E9-BB95-40A1F2AEB484}.Release|Any CPU.Build.0 = Release|Any CPU
	EndGlobalSection
	GlobalSection(SolutionProperties) = preSolution
		HideSolutionNode = FALSE
	EndGlobalSection
	GlobalSection(ExtensibilityGlobals) = postSolution
		SolutionGuid = {35B2145F-877B-4ED2-A336-A59BB645553B}
	EndGlobalSection
EndGlobal
